
Microsoft Visual Studio Solution File, Format Version 12.00
# Visual Studio 15
VisualStudioVersion = 15.0.27703.2047
MinimumVisualStudioVersion = 10.0.40219.1
Project("{8BC9CEB8-8B4A-11D0-8D11-00A0C91BC942}") = "myFirstCudaProject", "myFirstCudaProject\myFirstCudaProject.vcxproj", "{3D3103CA-61BC-4D4A-9A7D-2908A7E764EA}"
EndProject
Global
	GlobalSection(SolutionConfigurationPlatforms) = preSolution
		Debug|x64 = Debug|x64
		Release|x64 = Release|x64
	EndGlobalSection
	GlobalSection(ProjectConfigurationPlatforms) = postSolution
		{3D3103CA-61BC-4D4A-9A7D-2908A7E764EA}.Debug|x64.ActiveCfg = Debug|x64
		{3D3103CA-61BC-4D4A-9A7D-2908A7E764EA}.Debug|x64.Build.0 = Debug|x64
		{3D3103CA-61BC-4D4A-9A7D-2908A7E764EA}.Release|x64.ActiveCfg = Release|x64
		{3D3103CA-61BC-4D4A-9A7D-2908A7E764EA}.Release|x64.Build.0 = Release|x64
	EndGlobalSection
	GlobalSection(SolutionProperties) = preSolution
		HideSolutionNode = FALSE
	EndGlobalSection
	GlobalSection(ExtensibilityGlobals) = postSolution
		SolutionGuid = {96F4C2A6-BCA7-4E44-9E70-8C9748309E8B}
	EndGlobalSection
EndGlobal
